PODS:
  - AFNetworking (3.1.0):
    - AFNetworking/NSURLSession (= 3.1.0)
    - AFNetworking/Reachability (= 3.1.0)
    - AFNetworking/Security (= 3.1.0)
    - AFNetworking/Serialization (= 3.1.0)
    - AFNetworking/UIKit (= 3.1.0)
  - AFNetworking/NSURLSession (3.1.0):
    - AFNetworking/Reachability
    - AFNetworking/Security
    - AFNetworking/Serialization
  - AFNetworking/Reachability (3.1.0)
  - AFNetworking/Security (3.1.0)
  - AFNetworking/Serialization (3.1.0)
  - AFNetworking/UIKit (3.1.0):
    - AFNetworking/NSURLSession
  - FMDB (2.7.2):
    - FMDB/standard (= 2.7.2)
  - FMDB/standard (2.7.2)
  - IQKeyboardManager (5.0.0)
  - JCore (1.1.5)
  - JPush (3.0.6):
    - JCore (~> 1.1.1)
  - MJRefresh (3.1.12)
  - Reachability (3.2)
  - SVProgressHUD (2.2.1)

DEPENDENCIES:
  - AFNetworking
  - FMDB
  - IQKeyboardManager
  - JPush
  - MJRefresh
  - Reachability
  - SVProgressHUD

SPEC REPOS:
  https://github.com/CocoaPods/Specs.git:
    - AFNetworking
    - FMDB
    - IQKeyboardManager
    - JCore
    - JPush
    - MJRefresh
    - Reachability
    - SVProgressHUD

SPEC CHECKSUMS:
  AFNetworking: 5e0e199f73d8626b11e79750991f5d173d1f8b67
  FMDB: 6198a90e7b6900cfc046e6bc0ef6ebb7be9236aa
  IQKeyboardManager: 5edc5bcd5cd3e6982924e6318b82c57099eb0a6c
  JCore: 9bd9c770c877c583d98b90a68792b8361974c231
  JPush: c41be50eb1a574a66aeb68d237f00a4ec6ec3a82
  MJRefresh: b96cdb21c4aa75a7b07654311ab2f315c497e806
  Reachability: 33e18b67625424e47b6cde6d202dce689ad7af96
  SVProgressHUD: db27c54e6e18bc903341661fc9feb55e04905cc4

PODFILE CHECKSUM: 6c096536ab46fc5e9cdf9e1d6f74ef127b50e3ba

COCOAPODS: 1.5.0
